
Microsoft Visual Studio Solution File, Format Version 12.00
# Visual Studio Version 16
VisualStudioVersion = 16.0.30611.23
MinimumVisualStudioVersion = 15.0.26124.0
Project("{FAE04EC0-301F-11D3-BF4B-00C04F79EFBC}") = "AnyaDodelat.Objects", "Objects/AnyaDodelat.Objects.csproj", "6d260955-6717-4093-a766-fe1b83d3aba0"
EndProject
Project("{FAE04EC0-301F-11D3-BF4B-00C04F79EFBC}") = "AnyaDodelat.Tests", "Tests/AnyaDodelat.Tests.csproj", "6ca586bd-cf4d-40d9-b02f-eeec9731ab78"
EndProject
Project("{FAE04EC0-301F-11D3-BF4B-00C04F79EFBC}") = "AnyaDodelat.ODataBackend", "ODataBackend/AnyaDodelat.ODataBackend.csproj", "3d89799d-caba-4878-b7b8-2e8b44895eb7"
EndProject
Project("{FAE04EC0-301F-11D3-BF4B-00C04F79EFBC}") = "AnyaDodelat.IntegrationTests", "IntegrationTests/AnyaDodelat.IntegrationTests.csproj", "aa51400d-9615-45ca-a62b-1a69f9c4f0c2"
EndProject
Global
	GlobalSection(SolutionConfigurationPlatforms) = preSolution
Debug|Any CPU = Debug|Any CPU
Release|Any CPU = Release|Any CPU
	EndGlobalSection
	GlobalSection(ProjectConfigurationPlatforms) = postSolution
		6d260955-6717-4093-a766-fe1b83d3aba0.Debug|Any CPU.ActiveCfg = Debug|Any CPU
		6d260955-6717-4093-a766-fe1b83d3aba0.Debug|Any CPU.Build.0 = Debug|Any CPU
		6d260955-6717-4093-a766-fe1b83d3aba0.Release|Any CPU.ActiveCfg = Release|Any CPU
		6d260955-6717-4093-a766-fe1b83d3aba0.Release|Any CPU.Build.0 = Release|Any CPU
		6ca586bd-cf4d-40d9-b02f-eeec9731ab78.Debug|Any CPU.ActiveCfg = Debug|Any CPU
		6ca586bd-cf4d-40d9-b02f-eeec9731ab78.Debug|Any CPU.Build.0 = Debug|Any CPU
		6ca586bd-cf4d-40d9-b02f-eeec9731ab78.Release|Any CPU.ActiveCfg = Release|Any CPU
		6ca586bd-cf4d-40d9-b02f-eeec9731ab78.Release|Any CPU.Build.0 = Release|Any CPU
		3d89799d-caba-4878-b7b8-2e8b44895eb7.Debug|Any CPU.ActiveCfg = Debug|Any CPU
		3d89799d-caba-4878-b7b8-2e8b44895eb7.Debug|Any CPU.Build.0 = Debug|Any CPU
		3d89799d-caba-4878-b7b8-2e8b44895eb7.Release|Any CPU.ActiveCfg = Release|Any CPU
		3d89799d-caba-4878-b7b8-2e8b44895eb7.Release|Any CPU.Build.0 = Release|Any CPU
		aa51400d-9615-45ca-a62b-1a69f9c4f0c2.Debug|Any CPU.ActiveCfg = Debug|Any CPU
		aa51400d-9615-45ca-a62b-1a69f9c4f0c2.Debug|Any CPU.Build.0 = Debug|Any CPU
		aa51400d-9615-45ca-a62b-1a69f9c4f0c2.Release|Any CPU.ActiveCfg = Release|Any CPU
		aa51400d-9615-45ca-a62b-1a69f9c4f0c2.Release|Any CPU.Build.0 = Release|Any CPU
	EndGlobalSection
	GlobalSection(SolutionProperties) = preSolution
		HideSolutionNode = FALSE
	EndGlobalSection
EndGlobal
